
Microsoft Visual Studio Solution File, Format Version 12.00
# Visual Studio 15
VisualStudioVersion = 15.0.27004.2006
MinimumVisualStudioVersion = 10.0.40219.1
Project("{8BC9CEB8-8B4A-11D0-8D11-00A0C91BC942}") = "TextBasedAdventure", "TextBasedAdventure\TextBasedAdventure.vcxproj", "{1498CCE5-805D-4F99-B046-85D497E758AE}"
EndProject
Global
	GlobalSection(SolutionConfigurationPlatforms) = preSolution
		Debug|x64 = Debug|x64
		Debug|x86 = Debug|x86
		Release|x64 = Release|x64
		Release|x86 = Release|x86
	EndGlobalSection
	GlobalSection(ProjectConfigurationPlatforms) = postSolution
		{1498CCE5-805D-4F99-B046-85D497E758AE}.Debug|x64.ActiveCfg = Debug|x64
		{1498CCE5-805D-4F99-B046-85D497E758AE}.Debug|x64.Build.0 = Debug|x64
		{1498CCE5-805D-4F99-B046-85D497E758AE}.Debug|x86.ActiveCfg = Debug|Win32
		{1498CCE5-805D-4F99-B046-85D497E758AE}.Debug|x86.Build.0 = Debug|Win32
		{1498CCE5-805D-4F99-B046-85D497E758AE}.Release|x64.ActiveCfg = Release|x64
		{1498CCE5-805D-4F99-B046-85D497E758AE}.Release|x64.Build.0 = Release|x64
		{1498CCE5-805D-4F99-B046-85D497E758AE}.Release|x86.ActiveCfg = Release|Win32
		{1498CCE5-805D-4F99-B046-85D497E758AE}.Release|x86.Build.0 = Release|Win32
	EndGlobalSection
	GlobalSection(SolutionProperties) = preSolution
		HideSolutionNode = FALSE
	EndGlobalSection
	GlobalSection(ExtensibilityGlobals) = postSolution
		SolutionGuid = {061FB32A-D78A-4297-B1C9-340151FA93CB}
	EndGlobalSection
EndGlobal
